<?xml version="1.0" encoding="UTF-8" standalone="yes" ?>
<CodeBlocks_project_file>
	<FileVersion major="1" minor="6" />
	<Project>
		<Option title="Proyecto" />
		<Option pch_mode="2" />
		<Option compiler="gcc" />
		<Build>
			<Target title="Debug">
				<Option output="bin/Debug/Proyecto" prefix_auto="1" extension_auto="1" />
				<Option working_dir="C:/Program Files (x86)/CodeBlocks/GLUT/bin" />
				<Option object_output="obj/Debug/" />
				<Option type="1" />
				<Option compiler="gcc" />
				<Compiler>
					<Add option="-g" />
				</Compiler>
			</Target>
			<Target title="Release">
				<Option output="bin/Release/Proyecto" prefix_auto="1" extension_auto="1" />
				<Option working_dir="C:/Program Files (x86)/CodeBlocks/GLUT/bin" />
				<Option object_output="obj/Release/" />
				<Option type="0" />
				<Option compiler="gcc" />
				<Compiler>
					<Add option="-O2" />
				</Compiler>
				<Linker>
					<Add option="-s" />
				</Linker>
			</Target>
		</Build>
		<Compiler>
			<Add option="-Wall" />
			<Add directory="C:/Program Files (x86)/CodeBlocks/GLUT/include" />
		</Compiler>
		<Linker>
			<Add library="glut32" />
			<Add library="opengl32" />
			<Add library="glu32" />
			<Add library="winmm" />
			<Add library="gdi32" />
			<Add directory="C:/Program Files (x86)/CodeBlocks/GLUT/lib" />
		</Linker>
		<Unit filename="glm.c">
			<Option compilerVar="CC" />
		</Unit>
		<Unit filename="glm.h" />
		<Unit filename="glm_util.c">
			<Option compilerVar="CC" />
		</Unit>
		<Unit filename="glmimg.c">
			<Option compilerVar="CC" />
		</Unit>
		<Unit filename="glmimg_devil.c">
			<Option compilerVar="CC" />
		</Unit>
		<Unit filename="glmimg_jpg.c">
			<Option compilerVar="CC" />
		</Unit>
		<Unit filename="glmimg_png.c">
			<Option compilerVar="CC" />
		</Unit>
		<Unit filename="glmimg_sdl.c">
			<Option compilerVar="CC" />
		</Unit>
		<Unit filename="glmimg_sim.c">
			<Option compilerVar="CC" />
		</Unit>
		<Unit filename="glmint.h" />
		<Unit filename="imageloader.h" />
		<Unit filename="main.cpp" />
		<Unit filename="modelos/StackofPapers.mtl" />
		<Unit filename="modelos/StackofPapers.obj" />
		<Unit filename="modelos/bird.mtl" />
		<Unit filename="modelos/bird.obj" />
		<Unit filename="modelos/bird/_Black_1.jpg" />
		<Unit filename="modelos/bird/_Paper_9.jpg" />
		<Unit filename="modelos/plasticbottle.mtl" />
		<Unit filename="modelos/plasticbottle.obj" />
		<Unit filename="modelos/plasticflaske.mtl" />
		<Unit filename="modelos/plasticflaske.obj" />
		<Unit filename="modelos/trash/list1.jpg" />
		<Extensions>
			<code_completion />
			<envvars />
			<debugger />
		</Extensions>
	</Project>
</CodeBlocks_project_file>
